
Microsoft Visual Studio Solution File, Format Version 12.00
# Visual Studio Version 17
VisualStudioVersion = 17.6.33723.286
MinimumVisualStudioVersion = 10.0.40219.1
Project("{FAE04EC0-301F-11D3-BF4B-00C04F79EFBC}") = "DriveFast", "DriveFast\DriveFast.csproj", "{2DC57837-F3BC-407D-8F1F-88DD0AE8BA15}"
EndProject
Global
	GlobalSection(SolutionConfigurationPlatforms) = preSolution
		Debug|Any CPU = Debug|Any CPU
		Release|Any CPU = Release|Any CPU
	EndGlobalSection
	GlobalSection(ProjectConfigurationPlatforms) = postSolution
		{2DC57837-F3BC-407D-8F1F-88DD0AE8BA15}.Debug|Any CPU.ActiveCfg = Debug|Any CPU
		{2DC57837-F3BC-407D-8F1F-88DD0AE8BA15}.Debug|Any CPU.Build.0 = Debug|Any CPU
		{2DC57837-F3BC-407D-8F1F-88DD0AE8BA15}.Release|Any CPU.ActiveCfg = Release|Any CPU
		{2DC57837-F3BC-407D-8F1F-88DD0AE8BA15}.Release|Any CPU.Build.0 = Release|Any CPU
	EndGlobalSection
	GlobalSection(SolutionProperties) = preSolution
		HideSolutionNode = FALSE
	EndGlobalSection
	GlobalSection(ExtensibilityGlobals) = postSolution
		SolutionGuid = {68964D36-11B4-44BC-8B22-E8F94E7BBBED}
	EndGlobalSection
EndGlobal
